// !$*UTF8*$!
{
	archiveVersion = 1;
	classes = {
	};
	objectVersion = 50;
	objects = {

/* Begin PBXBuildFile section */
		B0C66C94244ACC65003F117F /* BLEConstants.swift in Sources */ = {isa = PBXBuildFile; fileRef = B0C66C93244ACC65003F117F /* BLEConstants.swift */; };
		B0C66C97244ADCAA003F117F /* CoreBluetooth.framework in Frameworks */ = {isa = PBXBuildFile; fileRef = B0C66C96244ADCAA003F117F /* CoreBluetooth.framework */; };
		B0C66C9A244AF07C003F117F /* PeripheralModel.swift in Sources */ = {isa = PBXBuildFile; fileRef = B0C66C99244AF07C003F117F /* PeripheralModel.swift */; };
		B0F976C0244AC53C00F873B6 /* AppDelegate.swift in Sources */ = {isa = PBXBuildFile; fileRef = B0F976BF244AC53C00F873B6 /* AppDelegate.swift */; };
		B0F976C2244AC53C00F873B6 /* ViewController.swift in Sources */ = {isa = PBXBuildFile; fileRef = B0F976C1244AC53C00F873B6 /* ViewController.swift */; };
		B0F976C4244AC53F00F873B6 /* Assets.xcassets in Resources */ = {isa = PBXBuildFile; fileRef = B0F976C3244AC53F00F873B6 /* Assets.xcassets */; };
		B0F976C7244AC53F00F873B6 /* Main.storyboard in Resources */ = {isa = PBXBuildFile; fileRef = B0F976C5244AC53F00F873B6 /* Main.storyboard */; };
		B0F976D0244AC7A600F873B6 /* BLEManager.swift in Sources */ = {isa = PBXBuildFile; fileRef = B0F976CF244AC7A600F873B6 /* BLEManager.swift */; };
/* End PBXBuildFile section */

/* Begin PBXFileReference section */
		B0C66C93244ACC65003F117F /* BLEConstants.swift */ = {isa = PBXFileReference; lastKnownFileType = sourcecode.swift; path = BLEConstants.swift; sourceTree = "<group>"; };
		B0C66C96244ADCAA003F117F /* CoreBluetooth.framework */ = {isa = PBXFileReference; lastKnownFileType = wrapper.framework; name = CoreBluetooth.framework; path = System/Library/Frameworks/CoreBluetooth.framework; sourceTree = SDKROOT; };
		B0C66C98244ADCFB003F117F /* Info.plist */ = {isa = PBXFileReference; lastKnownFileType = text.plist.xml; path = Info.plist; sourceTree = "<group>"; };
		B0C66C99244AF07C003F117F /* PeripheralModel.swift */ = {isa = PBXFileReference; lastKnownFileType = sourcecode.swift; path = PeripheralModel.swift; sourceTree = "<group>"; };
		B0F976BC244AC53C00F873B6 /* MacBeth.app */ = {isa = PBXFileReference; explicitFileType = wrapper.application; includeInIndex = 0; path = MacBeth.app; sourceTree = BUILT_PRODUCTS_DIR; };
		B0F976BF244AC53C00F873B6 /* AppDelegate.swift */ = {isa = PBXFileReference; lastKnownFileType = sourcecode.swift; path = AppDelegate.swift; sourceTree = "<group>"; };
		B0F976C1244AC53C00F873B6 /* ViewController.swift */ = {isa = PBXFileReference; lastKnownFileType = sourcecode.swift; path = ViewController.swift; sourceTree = "<group>"; };
		B0F976C3244AC53F00F873B6 /* Assets.xcassets */ = {isa = PBXFileReference; lastKnownFileType = folder.assetcatalog; path = Assets.xcassets; sourceTree = "<group>"; };
		B0F976C6244AC53F00F873B6 /* Base */ = {isa = PBXFileReference; lastKnownFileType = file.storyboard; name = Base; path = Base.lproj/Main.storyboard; sourceTree = "<group>"; };
		B0F976C9244AC53F00F873B6 /* MacBeth.entitlements */ = {isa = PBXFileReference; lastKnownFileType = text.plist.entitlements; path = MacBeth.entitlements; sourceTree = "<group>"; };
		B0F976CF244AC7A600F873B6 /* BLEManager.swift */ = {isa = PBXFileReference; lastKnownFileType = sourcecode.swift; path = BLEManager.swift; sourceTree = "<group>"; };
/* End PBXFileReference section */

/* Begin PBXFrameworksBuildPhase section */
		B0F976B9244AC53C00F873B6 /* Frameworks */ = {
			isa = PBXFrameworksBuildPhase;
			buildActionMask = 2147483647;
			files = (
				B0C66C97244ADCAA003F117F /* CoreBluetooth.framework in Frameworks */,
			);
			runOnlyForDeploymentPostprocessing = 0;
		};
/* End PBXFrameworksBuildPhase section */

/* Begin PBXGroup section */
		B0C66C95244ADCAA003F117F /* Frameworks */ = {
			isa = PBXGroup;
			children = (
				B0C66C96244ADCAA003F117F /* CoreBluetooth.framework */,
			);
			name = Frameworks;
			sourceTree = "<group>";
		};
		B0F976B3244AC53C00F873B6 = {
			isa = PBXGroup;
			children = (
				B0F976BE244AC53C00F873B6 /* MacBeth */,
				B0F976BD244AC53C00F873B6 /* Products */,
				B0C66C95244ADCAA003F117F /* Frameworks */,
			);
			sourceTree = "<group>";
		};
		B0F976BD244AC53C00F873B6 /* Products */ = {
			isa = PBXGroup;
			children = (
				B0F976BC244AC53C00F873B6 /* MacBeth.app */,
			);
			name = Products;
			sourceTree = "<group>";
		};
		B0F976BE244AC53C00F873B6 /* MacBeth */ = {
			isa = PBXGroup;
			children = (
				B0F976BF244AC53C00F873B6 /* AppDelegate.swift */,
				B0F976C1244AC53C00F873B6 /* ViewController.swift */,
				B0F976CF244AC7A600F873B6 /* BLEManager.swift */,
				B0C66C93244ACC65003F117F /* BLEConstants.swift */,
				B0C66C99244AF07C003F117F /* PeripheralModel.swift */,
				B0F976C3244AC53F00F873B6 /* Assets.xcassets */,
				B0F976C5244AC53F00F873B6 /* Main.storyboard */,
				B0F976C9244AC53F00F873B6 /* MacBeth.entitlements */,
				B0C66C98244ADCFB003F117F /* Info.plist */,
			);
			path = MacBeth;
			sourceTree = "<group>";
		};
/* End PBXGroup section */

/* Begin PBXNativeTarget section */
		B0F976BB244AC53C00F873B6 /* MacBeth */ = {
			isa = PBXNativeTarget;
			buildConfigurationList = B0F976CC244AC53F00F873B6 /* Build configuration list for PBXNativeTarget "MacBeth" */;
			buildPhases = (
				B0F976B8244AC53C00F873B6 /* Sources */,
				B0F976B9244AC53C00F873B6 /* Frameworks */,
				B0F976BA244AC53C00F873B6 /* Resources */,
			);
			buildRules = (
			);
			dependencies = (
			);
			name = MacBeth;
			productName = MacBeth;
			productReference = B0F976BC244AC53C00F873B6 /* MacBeth.app */;
			productType = "com.apple.product-type.application";
		};
/* End PBXNativeTarget section */

/* Begin PBXProject section */
		B0F976B4244AC53C00F873B6 /* Project object */ = {
			isa = PBXProject;
			attributes = {
				LastSwiftUpdateCheck = 1140;
				LastUpgradeCheck = 1140;
				ORGANIZATIONNAME = Densigns;
				TargetAttributes = {
					B0F976BB244AC53C00F873B6 = {
						CreatedOnToolsVersion = 11.4.1;
					};
				};
			};
			buildConfigurationList = B0F976B7244AC53C00F873B6 /* Build configuration list for PBXProject "MacBeth" */;
			compatibilityVersion = "Xcode 9.3";
			developmentRegion = en;
			hasScannedForEncodings = 0;
			knownRegions = (
				en,
				Base,
			);
			mainGroup = B0F976B3244AC53C00F873B6;
			productRefGroup = B0F976BD244AC53C00F873B6 /* Products */;
			projectDirPath = "";
			projectRoot = "";
			targets = (
				B0F976BB244AC53C00F873B6 /* MacBeth */,
			);
		};
/* End PBXProject section */

/* Begin PBXResourcesBuildPhase section */
		B0F976BA244AC53C00F873B6 /* Resources */ = {
			isa = PBXResourcesBuildPhase;
			buildActionMask = 2147483647;
			files = (
				B0F976C4244AC53F00F873B6 /* Assets.xcassets in Resources */,
				B0F976C7244AC53F00F873B6 /* Main.storyboard in Resources */,
			);
			runOnlyForDeploymentPostprocessing = 0;
		};
/* End PBXResourcesBuildPhase section */

/* Begin PBXSourcesBuildPhase section */
		B0F976B8244AC53C00F873B6 /* Sources */ = {
			isa = PBXSourcesBuildPhase;
			buildActionMask = 2147483647;
			files = (
				B0F976C2244AC53C00F873B6 /* ViewController.swift in Sources */,
				B0C66C94244ACC65003F117F /* BLEConstants.swift in Sources */,
				B0C66C9A244AF07C003F117F /* PeripheralModel.swift in Sources */,
				B0F976D0244AC7A600F873B6 /* BLEManager.swift in Sources */,
				B0F976C0244AC53C00F873B6 /* AppDelegate.swift in Sources */,
			);
			runOnlyForDeploymentPostprocessing = 0;
		};
/* End PBXSourcesBuildPhase section */

/* Begin PBXVariantGroup section */
		B0F976C5244AC53F00F873B6 /* Main.storyboard */ = {
			isa = PBXVariantGroup;
			children = (
				B0F976C6244AC53F00F873B6 /* Base */,
			);
			name = Main.storyboard;
			sourceTree = "<group>";
		};
/* End PBXVariantGroup section */

/* Begin XCBuildConfiguration section */
		B0F976CA244AC53F00F873B6 /* Debug */ = {
			isa = XCBuildConfiguration;
			buildSettings = {
				ALWAYS_SEARCH_USER_PATHS = NO;
				CLANG_ANALYZER_NONNULL = YES;
				CLANG_ANALYZER_NUMBER_OBJECT_CONVERSION = YES_AGGRESSIVE;
				CLANG_CXX_LANGUAGE_STANDARD = "gnu++14";
				CLANG_CXX_LIBRARY = "libc++";
				CLANG_ENABLE_MODULES = YES;
				CLANG_ENABLE_OBJC_ARC = YES;
				CLANG_ENABLE_OBJC_WEAK = YES;
				CLANG_WARN_BLOCK_CAPTURE_AUTORELEASING = YES;
				CLANG_WARN_BOOL_CONVERSION = YES;
				CLANG_WARN_COMMA = YES;
				CLANG_WARN_CONSTANT_CONVERSION = YES;
				CLANG_WARN_DEPRECATED_OBJC_IMPLEMENTATIONS = YES;
				CLANG_WARN_DIRECT_OBJC_ISA_USAGE = YES_ERROR;
				CLANG_WARN_DOCUMENTATION_COMMENTS = YES;
				CLANG_WARN_EMPTY_BODY = YES;
				CLANG_WARN_ENUM_CONVERSION = YES;
				CLANG_WARN_INFINITE_RECURSION = YES;
				CLANG_WARN_INT_CONVERSION = YES;
				CLANG_WARN_NON_LITERAL_NULL_CONVERSION = YES;
				CLANG_WARN_OBJC_IMPLICIT_RETAIN_SELF = YES;
				CLANG_WARN_OBJC_LITERAL_CONVERSION = YES;
				CLANG_WARN_OBJC_ROOT_CLASS = YES_ERROR;
				CLANG_WARN_RANGE_LOOP_ANALYSIS = YES;
				CLANG_WARN_STRICT_PROTOTYPES = YES;
				CLANG_WARN_SUSPICIOUS_MOVE = YES;
				CLANG_WARN_UNGUARDED_AVAILABILITY = YES_AGGRESSIVE;
				CLANG_WARN_UNREACHABLE_CODE = YES;
				CLANG_WARN__DUPLICATE_METHOD_MATCH = YES;
				COPY_PHASE_STRIP = NO;
				DEBUG_INFORMATION_FORMAT = dwarf;
				ENABLE_STRICT_OBJC_MSGSEND = YES;
				ENABLE_TESTABILITY = YES;
				GCC_C_LANGUAGE_STANDARD = gnu11;
				GCC_DYNAMIC_NO_PIC = NO;
				GCC_NO_COMMON_BLOCKS = YES;
				GCC_OPTIMIZATION_LEVEL = 0;
				GCC_PREPROCESSOR_DEFINITIONS = (
					"DEBUG=1",
					"$(inherited)",
				);
				GCC_WARN_64_TO_32_BIT_CONVERSION = YES;
				GCC_WARN_ABOUT_RETURN_TYPE = YES_ERROR;
				GCC_WARN_UNDECLARED_SELECTOR = YES;
				GCC_WARN_UNINITIALIZED_AUTOS = YES_AGGRESSIVE;
				GCC_WARN_UNUSED_FUNCTION = YES;
				GCC_WARN_UNUSED_VARIABLE = YES;
				INFOPLIST_FILE = MacBeth/Info.plist;
				MACOSX_DEPLOYMENT_TARGET = 10.15;
				MTL_ENABLE_DEBUG_INFO = INCLUDE_SOURCE;
				MTL_FAST_MATH = YES;
				ONLY_ACTIVE_ARCH = YES;
				SDKROOT = macosx;
				SWIFT_ACTIVE_COMPILATION_CONDITIONS = DEBUG;
				SWIFT_OPTIMIZATION_LEVEL = "-Onone";
			};
			name = Debug;
		};
		B0F976CB244AC53F00F873B6 /* Release */ = {
			isa = XCBuildConfiguration;
			buildSettings = {
				ALWAYS_SEARCH_USER_PATHS = NO;
				CLANG_ANALYZER_NONNULL = YES;
				CLANG_ANALYZER_NUMBER_OBJECT_CONVERSION = YES_AGGRESSIVE;
				CLANG_CXX_LANGUAGE_STANDARD = "gnu++14";
				CLANG_CXX_LIBRARY = "libc++";
				CLANG_ENABLE_MODULES = YES;
				CLANG_ENABLE_OBJC_ARC = YES;
				CLANG_ENABLE_OBJC_WEAK = YES;
				CLANG_WARN_BLOCK_CAPTURE_AUTORELEASING = YES;
				CLANG_WARN_BOOL_CONVERSION = YES;
				CLANG_WARN_COMMA = YES;
				CLANG_WARN_CONSTANT_CONVERSION = YES;
				CLANG_WARN_DEPRECATED_OBJC_IMPLEMENTATIONS = YES;
				CLANG_WARN_DIRECT_OBJC_ISA_USAGE = YES_ERROR;
				CLANG_WARN_DOCUMENTATION_COMMENTS = YES;
				CLANG_WARN_EMPTY_BODY = YES;
				CLANG_WARN_ENUM_CONVERSION = YES;
				CLANG_WARN_INFINITE_RECURSION = YES;
				CLANG_WARN_INT_CONVERSION = YES;
				CLANG_WARN_NON_LITERAL_NULL_CONVERSION = YES;
				CLANG_WARN_OBJC_IMPLICIT_RETAIN_SELF = YES;
				CLANG_WARN_OBJC_LITERAL_CONVERSION = YES;
				CLANG_WARN_OBJC_ROOT_CLASS = YES_ERROR;
				CLANG_WARN_RANGE_LOOP_ANALYSIS = YES;
				CLANG_WARN_STRICT_PROTOTYPES = YES;
				CLANG_WARN_SUSPICIOUS_MOVE = YES;
				CLANG_WARN_UNGUARDED_AVAILABILITY = YES_AGGRESSIVE;
				CLANG_WARN_UNREACHABLE_CODE = YES;
				CLANG_WARN__DUPLICATE_METHOD_MATCH = YES;
				COPY_PHASE_STRIP = NO;
				DEBUG_INFORMATION_FORMAT = "dwarf-with-dsym";
				ENABLE_NS_ASSERTIONS = NO;
				ENABLE_STRICT_OBJC_MSGSEND = YES;
				GCC_C_LANGUAGE_STANDARD = gnu11;
				GCC_NO_COMMON_BLOCKS = YES;
				GCC_WARN_64_TO_32_BIT_CONVERSION = YES;
				GCC_WARN_ABOUT_RETURN_TYPE = YES_ERROR;
				GCC_WARN_UNDECLARED_SELECTOR = YES;
				GCC_WARN_UNINITIALIZED_AUTOS = YES_AGGRESSIVE;
				GCC_WARN_UNUSED_FUNCTION = YES;
				GCC_WARN_UNUSED_VARIABLE = YES;
				INFOPLIST_FILE = MacBeth/Info.plist;
				MACOSX_DEPLOYMENT_TARGET = 10.15;
				MTL_ENABLE_DEBUG_INFO = NO;
				MTL_FAST_MATH = YES;
				SDKROOT = macosx;
				SWIFT_COMPILATION_MODE = wholemodule;
				SWIFT_OPTIMIZATION_LEVEL = "-O";
			};
			name = Release;
		};
		B0F976CD244AC53F00F873B6 /* Debug */ = {
			isa = XCBuildConfiguration;
			buildSettings = {
				ASSETCATALOG_COMPILER_APPICON_NAME = AppIcon;
				CODE_SIGN_ENTITLEMENTS = MacBeth/MacBeth.entitlements;
				CODE_SIGN_STYLE = Manual;
				COMBINE_HIDPI_IMAGES = YES;
				DEVELOPMENT_TEAM = "";
				ENABLE_HARDENED_RUNTIME = YES;
				INFOPLIST_FILE = MacBeth/Info.plist;
				LD_RUNPATH_SEARCH_PATHS = (
					"$(inherited)",
					"@executable_path/../Frameworks",
				);
				PRODUCT_BUNDLE_IDENTIFIER = com.densigns.MacBeth;
				PRODUCT_NAME = "$(TARGET_NAME)";
				PROVISIONING_PROFILE_SPECIFIER = "";
				SWIFT_VERSION = 5.0;
			};
			name = Debug;
		};
		B0F976CE244AC53F00F873B6 /* Release */ = {
			isa = XCBuildConfiguration;
			buildSettings = {
				ASSETCATALOG_COMPILER_APPICON_NAME = AppIcon;
				CODE_SIGN_ENTITLEMENTS = MacBeth/MacBeth.entitlements;
				CODE_SIGN_STYLE = Manual;
				COMBINE_HIDPI_IMAGES = YES;
				DEVELOPMENT_TEAM = "";
				ENABLE_HARDENED_RUNTIME = YES;
				INFOPLIST_FILE = MacBeth/Info.plist;
				LD_RUNPATH_SEARCH_PATHS = (
					"$(inherited)",
					"@executable_path/../Frameworks",
				);
				PRODUCT_BUNDLE_IDENTIFIER = com.densigns.MacBeth;
				PRODUCT_NAME = "$(TARGET_NAME)";
				PROVISIONING_PROFILE_SPECIFIER = "";
				SWIFT_VERSION = 5.0;
			};
			name = Release;
		};
/* End XCBuildConfiguration section */

/* Begin XCConfigurationList section */
		B0F976B7244AC53C00F873B6 /* Build configuration list for PBXProject "MacBeth" */ = {
			isa = XCConfigurationList;
			buildConfigurations = (
				B0F976CA244AC53F00F873B6 /* Debug */,
				B0F976CB244AC53F00F873B6 /* Release */,
			);
			defaultConfigurationIsVisible = 0;
			defaultConfigurationName = Release;
		};
		B0F976CC244AC53F00F873B6 /* Build configuration list for PBXNativeTarget "MacBeth" */ = {
			isa = XCConfigurationList;
			buildConfigurations = (
				B0F976CD244AC53F00F873B6 /* Debug */,
				B0F976CE244AC53F00F873B6 /* Release */,
			);
			defaultConfigurationIsVisible = 0;
			defaultConfigurationName = Release;
		};
/* End XCConfigurationList section */
	};
	rootObject = B0F976B4244AC53C00F873B6 /* Project object */;
}
